{
  "name": "jevkonfig.js",
  "version": "0.1.0",
  "lockfileVersion": 2,
  "requires": true,
  "packages": {
    "": {
      "name": "jevkonfig.js",
      "version": "0.1.0",
      "license": "MIT",
      "dependencies": {
        "jevkoutils.js": "github:jevko/jevkoutils.js#semver:0.1.2"
      },
      "devDependencies": {
        "jevkoschema.js": "github:jevko/jevkoschema.js#semver:0.1.0",
        "parsejevko.js": "github:jevko/parsejevko.js#semver:0.1.3"
      }
    },
    "node_modules/jevkoschema.js": {
      "version": "0.1.0",
      "resolved": "git+ssh://git@github.com/jevko/jevkoschema.js.git#7e54da6fc52ed95a3ff7fa020c2a59684cd1cb75",
      "dev": true,
      "license": "MIT",
      "dependencies": {
        "jevkoutils.js": "github:jevko/jevkoutils.js#semver:0.1.2"
      }
    },
    "node_modules/jevkoutils.js": {
      "version": "0.1.2",
      "resolved": "git+ssh://git@github.com/jevko/jevkoutils.js.git#e4141e06822123fc2037f9d2f681d5ffdd181061",
      "license": "MIT"
    },
    "node_modules/parsejevko.js": {
      "version": "0.1.3",
      "resolved": "git+ssh://git@github.com/jevko/parsejevko.js.git#1479629bedcafeb6dddb3302a3f2bbaacd0f1ae0",
      "dev": true,
      "license": "MIT"
    }
  },
  "dependencies": {
    "jevkoschema.js": {
      "version": "git+ssh://git@github.com/jevko/jevkoschema.js.git#7e54da6fc52ed95a3ff7fa020c2a59684cd1cb75",
      "dev": true,
      "from": "jevkoschema.js@github:jevko/jevkoschema.js#semver:0.1.0",
      "requires": {
        "jevkoutils.js": "github:jevko/jevkoutils.js#semver:0.1.2"
      }
    },
    "jevkoutils.js": {
      "version": "git+ssh://git@github.com/jevko/jevkoutils.js.git#e4141e06822123fc2037f9d2f681d5ffdd181061",
      "from": "jevkoutils.js@github:jevko/jevkoutils.js#semver:0.1.2"
    },
    "parsejevko.js": {
      "version": "git+ssh://git@github.com/jevko/parsejevko.js.git#1479629bedcafeb6dddb3302a3f2bbaacd0f1ae0",
      "dev": true,
      "from": "parsejevko.js@github:jevko/parsejevko.js#semver:0.1.3"
    }
  }
}
